
Microsoft Visual Studio Solution File, Format Version 12.00
# Visual Studio Version 16
VisualStudioVersion = 16.0.31105.61
MinimumVisualStudioVersion = 10.0.40219.1
Project("{FAE04EC0-301F-11D3-BF4B-00C04F79EFBC}") = "CompanyCoreLib", "CompanyCoreLib\CompanyCoreLib.csproj", "{F32AB40A-117A-453E-812C-E86EA0716744}"
EndProject
Project("{FAE04EC0-301F-11D3-BF4B-00C04F79EFBC}") = "CompanyCoreLib.Tests", "CompanyCoreLib.Tests\CompanyCoreLib.Tests.csproj", "{641B417C-46BF-420D-973A-70B867000894}"
EndProject
Global
	GlobalSection(SolutionConfigurationPlatforms) = preSolution
		Debug|Any CPU = Debug|Any CPU
		Release|Any CPU = Release|Any CPU
	EndGlobalSection
	GlobalSection(ProjectConfigurationPlatforms) = postSolution
		{F32AB40A-117A-453E-812C-E86EA0716744}.Debug|Any CPU.ActiveCfg = Debug|Any CPU
		{F32AB40A-117A-453E-812C-E86EA0716744}.Debug|Any CPU.Build.0 = Debug|Any CPU
		{F32AB40A-117A-453E-812C-E86EA0716744}.Release|Any CPU.ActiveCfg = Release|Any CPU
		{F32AB40A-117A-453E-812C-E86EA0716744}.Release|Any CPU.Build.0 = Release|Any CPU
		{641B417C-46BF-420D-973A-70B867000894}.Debug|Any CPU.ActiveCfg = Debug|Any CPU
		{641B417C-46BF-420D-973A-70B867000894}.Debug|Any CPU.Build.0 = Debug|Any CPU
		{641B417C-46BF-420D-973A-70B867000894}.Release|Any CPU.ActiveCfg = Release|Any CPU
		{641B417C-46BF-420D-973A-70B867000894}.Release|Any CPU.Build.0 = Release|Any CPU
	EndGlobalSection
	GlobalSection(SolutionProperties) = preSolution
		HideSolutionNode = FALSE
	EndGlobalSection
	GlobalSection(ExtensibilityGlobals) = postSolution
		SolutionGuid = {4E3D3933-689E-4EBC-A732-AAFB5B9FDCFF}
	EndGlobalSection
EndGlobal
